<?xml version="1.0" encoding="utf-8"?>
<Project ToolsVersion="4.0" xmlns="http://schemas.microsoft.com/developer/msbuild/2003">
  <ItemGroup>
    <Filter Include="Source Files">
      <UniqueIdentifier>{4FC737F1-C7A5-4376-A066-2A32D752A2FF}</UniqueIdentifier>
      <Extensions>cpp;c;cc;cxx;c++;cppm;ixx;def;odl;idl;hpj;bat;asm;asmx</Extensions>
    </Filter>
    <Filter Include="Header Files">
      <UniqueIdentifier>{93995380-89BD-4b04-88EB-625FBE52EBFB}</UniqueIdentifier>
      <Extensions>h;hh;hpp;hxx;h++;hm;inl;inc;ipp;xsd</Extensions>
    </Filter>
    <Filter Include="Resource Files">
      <UniqueIdentifier>{67DA6AB6-F800-4c08-8B7A-83BB121AAD01}</UniqueIdentifier>
      <Extensions>rc;ico;cur;bmp;dlg;rc2;rct;bin;rgs;gif;jpg;jpeg;jpe;resx;tiff;tif;png;wav;mfcribbon-ms</Extensions>
    </Filter>
  </ItemGroup>
  <ItemGroup>
    <ClCompile Include="main.cpp">
      <Filter>Source Files</Filter>
    </ClCompile>
  </ItemGroup>
  <ItemGroup>
    <Text Include="inputs\day01.txt" />
    <Text Include="inputs\day01-test.txt" />
    <Text Include="inputs\day02.txt" />
    <Text Include="inputs\day03.txt" />
    <Text Include="inputs\day03-test.txt" />
    <Text Include="inputs\day04.txt" />
    <Text Include="inputs\day04-test.txt" />
    <Text Include="inputs\day05.txt" />
    <Text Include="inputs\day05-test.txt" />
    <Text Include="inputs\day06.txt" />
    <Text Include="inputs\day07.txt" />
    <Text Include="inputs\day08.txt" />
    <Text Include="inputs\day09.txt" />
    <Text Include="inputs\day10.txt" />
  </ItemGroup>
  <ItemGroup>
    <ClInclude Include="days\day01.hpp">
      <Filter>Header Files</Filter>
    </ClInclude>
    <ClInclude Include="days\day02.hpp">
      <Filter>Header Files</Filter>
    </ClInclude>
    <ClInclude Include="days\day03.hpp">
      <Filter>Header Files</Filter>
    </ClInclude>
    <ClInclude Include="days\day04.hpp">
      <Filter>Header Files</Filter>
    </ClInclude>
    <ClInclude Include="days\day05.hpp">
      <Filter>Header Files</Filter>
    </ClInclude>
    <ClInclude Include="days\day06.hpp">
      <Filter>Header Files</Filter>
    </ClInclude>
    <ClInclude Include="common.h">
      <Filter>Header Files</Filter>
    </ClInclude>
    <ClInclude Include="days\day07.hpp">
      <Filter>Header Files</Filter>
    </ClInclude>
    <ClInclude Include="days\day08.hpp">
      <Filter>Header Files</Filter>
    </ClInclude>
    <ClInclude Include="days\day09.hpp">
      <Filter>Header Files</Filter>
    </ClInclude>
    <ClInclude Include="days\day10.hpp">
      <Filter>Header Files</Filter>
    </ClInclude>
  </ItemGroup>
</Project>